
Microsoft Visual Studio Solution File, Format Version 12.00
# Visual Studio Version 17
VisualStudioVersion = 17.8.34408.163
MinimumVisualStudioVersion = 10.0.40219.1
Project("{2150E333-8FDC-42A3-9474-1A3956D46DE8}") = "Contexts", "Contexts", "{0F76D0F7-8FBB-431A-912F-19BE5DBAB83E}"
EndProject
Project("{2150E333-8FDC-42A3-9474-1A3956D46DE8}") = "Registers", "Registers", "{C5FC3EE5-86B5-4163-96E5-666EEC9BEE59}"
EndProject
Project("{2150E333-8FDC-42A3-9474-1A3956D46DE8}") = "Companies", "Companies", "{0265C920-AE60-4977-BA5F-2A1EB4587900}"
EndProject
Project("{9A19103F-16F7-4668-BE54-9A1E7A4F7556}") = "PortalNFE.Register.Companies.Domain", "src\PortalNFE.Register.Companies.Domain\PortalNFE.Register.Companies.Domain.csproj", "{5D03A5B5-696C-4AAB-8000-7067518AE8C4}"
EndProject
Project("{2150E333-8FDC-42A3-9474-1A3956D46DE8}") = "Core", "Core", "{EC40AF4E-AAAD-49A7-8AE5-824A7BA54EA6}"
EndProject
Project("{9A19103F-16F7-4668-BE54-9A1E7A4F7556}") = "PortalNFE.Core", "src\PortalNFE.Core\PortalNFE.Core.csproj", "{9F5F7BAA-13CD-4348-A2CE-CA37CA001FB3}"
EndProject
Project("{9A19103F-16F7-4668-BE54-9A1E7A4F7556}") = "PortalNFE.Register.Companies.Data", "src\PortalNFE.Register.Companies.Data\PortalNFE.Register.Companies.Data.csproj", "{43293051-2E6B-4A88-B886-37FA39BC366C}"
EndProject
Project("{9A19103F-16F7-4668-BE54-9A1E7A4F7556}") = "PortalNFE.Register.Companies.Application", "src\PortalNFE.Register.Companies.Application\PortalNFE.Register.Companies.Application.csproj", "{DF5B43BF-B4A3-4C24-92FF-D8EEA5B28B53}"
EndProject
Project("{9A19103F-16F7-4668-BE54-9A1E7A4F7556}") = "PortalNFE.Api", "src\PortalNFE.Api\PortalNFE.Api.csproj", "{FFC59C69-14A2-41C6-B21B-BA383E35C33F}"
EndProject
Project("{2150E333-8FDC-42A3-9474-1A3956D46DE8}") = "Users", "Users", "{92433414-35ED-484A-9BF0-768254A4FCA1}"
EndProject
Project("{9A19103F-16F7-4668-BE54-9A1E7A4F7556}") = "PortalNFE.Register.Users.Domain", "src\PortalNFE.Register.Users.Domain\PortalNFE.Register.Users.Domain.csproj", "{7B92AFC3-4821-4553-A77A-04E127FFA321}"
EndProject
Project("{9A19103F-16F7-4668-BE54-9A1E7A4F7556}") = "PortalNFE.Register.Users.Data", "src\PortalNFE.Register.Users.Data\PortalNFE.Register.Users.Data.csproj", "{C05F8D57-741C-4F03-A2D7-EECAB8D61A7A}"
EndProject
Project("{9A19103F-16F7-4668-BE54-9A1E7A4F7556}") = "PortalNFE.Register.Users.Application", "src\PortalNFE.Register.Users.Application\PortalNFE.Register.Users.Application.csproj", "{6AAEF93A-FDD1-4748-8C6F-7AA209D5CEF1}"
EndProject
Project("{2150E333-8FDC-42A3-9474-1A3956D46DE8}") = "Tests", "Tests", "{9F44BD6E-172F-4DFC-BA01-2DE4815E534F}"
EndProject
Project("{9A19103F-16F7-4668-BE54-9A1E7A4F7556}") = "PortalNFE.Test", "Tests\PortalNFE.Test\PortalNFE.Test.csproj", "{EAE5EEA9-70C6-44C4-9072-07AF06E9F162}"
EndProject
Project("{2150E333-8FDC-42A3-9474-1A3956D46DE8}") = "Auth", "Auth", "{989A8981-449C-4F68-99A5-4774E1A3769B}"
EndProject
Project("{9A19103F-16F7-4668-BE54-9A1E7A4F7556}") = "PortalNFE.Identity.Domain", "src\PortalNFE.Identity.Domain\PortalNFE.Identity.Domain.csproj", "{41525988-9079-409C-95F2-85CA53C2058F}"
EndProject
Project("{9A19103F-16F7-4668-BE54-9A1E7A4F7556}") = "PortalNFE.Identity.Data", "src\PortalNFE.Identity.Data\PortalNFE.Identity.Data.csproj", "{D03149E1-2C73-42C6-A8A1-8AEBF2413FE5}"
EndProject
Project("{9A19103F-16F7-4668-BE54-9A1E7A4F7556}") = "PortalNFE.Identity.Application", "src\PortalNFE.Identity.Application\PortalNFE.Identity.Application.csproj", "{5A6AA902-EAA8-482E-8642-17E33B12529C}"
EndProject
Project("{2150E333-8FDC-42A3-9474-1A3956D46DE8}") = "Orders", "Orders", "{8D4A008E-4330-4463-AA57-56784A0C1FF1}"
EndProject
Project("{9A19103F-16F7-4668-BE54-9A1E7A4F7556}") = "PortalNFE.Orders.Domain", "src\PortalNFE.Orders.Domain\PortalNFE.Orders.Domain.csproj", "{0308C25F-AE46-4CAF-997C-4E2328854A47}"
EndProject
Project("{9A19103F-16F7-4668-BE54-9A1E7A4F7556}") = "PortalNFE.Orders.Application", "src\PortalNFE.Orders.Application\PortalNFE.Orders.Application.csproj", "{9E8A641B-4C9F-490D-BD90-F1171E770441}"
EndProject
Project("{9A19103F-16F7-4668-BE54-9A1E7A4F7556}") = "PortalNFE.Orders.Data", "src\PortalNFE.Orders.Data\PortalNFE.Orders.Data.csproj", "{23BF111A-2A71-4B03-AF22-5A81EA03923D}"
EndProject
Project("{2150E333-8FDC-42A3-9474-1A3956D46DE8}") = "Configurations", "Configurations", "{F31CC68B-7979-43CA-A3D3-C5F19DD47981}"
EndProject
Project("{2150E333-8FDC-42A3-9474-1A3956D46DE8}") = "Authorizations", "Authorizations", "{4ECC4841-98CA-4304-B060-000E46A45423}"
EndProject
Project("{9A19103F-16F7-4668-BE54-9A1E7A4F7556}") = "PortalNFE.Authorizations.Domain", "src\PortalNFE.Authorizations.Domain\PortalNFE.Authorizations.Domain.csproj", "{A3F8CFDE-4D58-4D84-B526-9E6DF88C9D39}"
EndProject
Project("{9A19103F-16F7-4668-BE54-9A1E7A4F7556}") = "PortalNFE.Authorizations.Data", "src\PortalNFE.Authorizations.Data\PortalNFE.Authorizations.Data.csproj", "{5D0A5B7B-58E5-4677-85DB-11180D883F0B}"
EndProject
Project("{9A19103F-16F7-4668-BE54-9A1E7A4F7556}") = "PortalNFE.Authorizations.Application", "src\PortalNFE.Authorizations.Application\PortalNFE.Authorizations.Application.csproj", "{13F5752C-E4DD-4CC0-91B2-82AAE24B5083}"
EndProject
Project("{2150E333-8FDC-42A3-9474-1A3956D46DE8}") = "Personas", "Personas", "{295EFB35-DFF0-4EAE-96D8-3C24FC78EC81}"
EndProject
Project("{FAE04EC0-301F-11D3-BF4B-00C04F79EFBC}") = "PortalNFE.Personas.Domain", "src\PortalNFE.Personas.Domain\PortalNFE.Personas.Domain.csproj", "{F27D3423-B7D2-4DC3-A301-EDE586545334}"
EndProject
Project("{FAE04EC0-301F-11D3-BF4B-00C04F79EFBC}") = "PortalNFE.Personas.Application", "src\PortalNFE.Personas.Application\PortalNFE.Personas.Application.csproj", "{39E7D9B0-056A-4B8E-81CE-DB08585120D2}"
EndProject
Project("{FAE04EC0-301F-11D3-BF4B-00C04F79EFBC}") = "PortalNFE.Personas.Data", "src\PortalNFE.Personas.Data\PortalNFE.Personas.Data.csproj", "{D6F889D5-162B-4F89-9754-903B3EA8F454}"
EndProject
Global
	GlobalSection(SolutionConfigurationPlatforms) = preSolution
		Debug|Any CPU = Debug|Any CPU
		Release|Any CPU = Release|Any CPU
	EndGlobalSection
	GlobalSection(ProjectConfigurationPlatforms) = postSolution
		{5D03A5B5-696C-4AAB-8000-7067518AE8C4}.Debug|Any CPU.ActiveCfg = Debug|Any CPU
		{5D03A5B5-696C-4AAB-8000-7067518AE8C4}.Debug|Any CPU.Build.0 = Debug|Any CPU
		{5D03A5B5-696C-4AAB-8000-7067518AE8C4}.Release|Any CPU.ActiveCfg = Release|Any CPU
		{5D03A5B5-696C-4AAB-8000-7067518AE8C4}.Release|Any CPU.Build.0 = Release|Any CPU
		{9F5F7BAA-13CD-4348-A2CE-CA37CA001FB3}.Debug|Any CPU.ActiveCfg = Debug|Any CPU
		{9F5F7BAA-13CD-4348-A2CE-CA37CA001FB3}.Debug|Any CPU.Build.0 = Debug|Any CPU
		{9F5F7BAA-13CD-4348-A2CE-CA37CA001FB3}.Release|Any CPU.ActiveCfg = Release|Any CPU
		{9F5F7BAA-13CD-4348-A2CE-CA37CA001FB3}.Release|Any CPU.Build.0 = Release|Any CPU
		{43293051-2E6B-4A88-B886-37FA39BC366C}.Debug|Any CPU.ActiveCfg = Debug|Any CPU
		{43293051-2E6B-4A88-B886-37FA39BC366C}.Debug|Any CPU.Build.0 = Debug|Any CPU
		{43293051-2E6B-4A88-B886-37FA39BC366C}.Release|Any CPU.ActiveCfg = Release|Any CPU
		{43293051-2E6B-4A88-B886-37FA39BC366C}.Release|Any CPU.Build.0 = Release|Any CPU
		{DF5B43BF-B4A3-4C24-92FF-D8EEA5B28B53}.Debug|Any CPU.ActiveCfg = Debug|Any CPU
		{DF5B43BF-B4A3-4C24-92FF-D8EEA5B28B53}.Debug|Any CPU.Build.0 = Debug|Any CPU
		{DF5B43BF-B4A3-4C24-92FF-D8EEA5B28B53}.Release|Any CPU.ActiveCfg = Release|Any CPU
		{DF5B43BF-B4A3-4C24-92FF-D8EEA5B28B53}.Release|Any CPU.Build.0 = Release|Any CPU
		{FFC59C69-14A2-41C6-B21B-BA383E35C33F}.Debug|Any CPU.ActiveCfg = Debug|Any CPU
		{FFC59C69-14A2-41C6-B21B-BA383E35C33F}.Debug|Any CPU.Build.0 = Debug|Any CPU
		{FFC59C69-14A2-41C6-B21B-BA383E35C33F}.Release|Any CPU.ActiveCfg = Release|Any CPU
		{FFC59C69-14A2-41C6-B21B-BA383E35C33F}.Release|Any CPU.Build.0 = Release|Any CPU
		{7B92AFC3-4821-4553-A77A-04E127FFA321}.Debug|Any CPU.ActiveCfg = Debug|Any CPU
		{7B92AFC3-4821-4553-A77A-04E127FFA321}.Debug|Any CPU.Build.0 = Debug|Any CPU
		{7B92AFC3-4821-4553-A77A-04E127FFA321}.Release|Any CPU.ActiveCfg = Release|Any CPU
		{7B92AFC3-4821-4553-A77A-04E127FFA321}.Release|Any CPU.Build.0 = Release|Any CPU
		{C05F8D57-741C-4F03-A2D7-EECAB8D61A7A}.Debug|Any CPU.ActiveCfg = Debug|Any CPU
		{C05F8D57-741C-4F03-A2D7-EECAB8D61A7A}.Debug|Any CPU.Build.0 = Debug|Any CPU
		{C05F8D57-741C-4F03-A2D7-EECAB8D61A7A}.Release|Any CPU.ActiveCfg = Release|Any CPU
		{C05F8D57-741C-4F03-A2D7-EECAB8D61A7A}.Release|Any CPU.Build.0 = Release|Any CPU
		{6AAEF93A-FDD1-4748-8C6F-7AA209D5CEF1}.Debug|Any CPU.ActiveCfg = Debug|Any CPU
		{6AAEF93A-FDD1-4748-8C6F-7AA209D5CEF1}.Debug|Any CPU.Build.0 = Debug|Any CPU
		{6AAEF93A-FDD1-4748-8C6F-7AA209D5CEF1}.Release|Any CPU.ActiveCfg = Release|Any CPU
		{6AAEF93A-FDD1-4748-8C6F-7AA209D5CEF1}.Release|Any CPU.Build.0 = Release|Any CPU
		{EAE5EEA9-70C6-44C4-9072-07AF06E9F162}.Debug|Any CPU.ActiveCfg = Debug|Any CPU
		{EAE5EEA9-70C6-44C4-9072-07AF06E9F162}.Debug|Any CPU.Build.0 = Debug|Any CPU
		{EAE5EEA9-70C6-44C4-9072-07AF06E9F162}.Release|Any CPU.ActiveCfg = Release|Any CPU
		{EAE5EEA9-70C6-44C4-9072-07AF06E9F162}.Release|Any CPU.Build.0 = Release|Any CPU
		{41525988-9079-409C-95F2-85CA53C2058F}.Debug|Any CPU.ActiveCfg = Debug|Any CPU
		{41525988-9079-409C-95F2-85CA53C2058F}.Debug|Any CPU.Build.0 = Debug|Any CPU
		{41525988-9079-409C-95F2-85CA53C2058F}.Release|Any CPU.ActiveCfg = Release|Any CPU
		{41525988-9079-409C-95F2-85CA53C2058F}.Release|Any CPU.Build.0 = Release|Any CPU
		{D03149E1-2C73-42C6-A8A1-8AEBF2413FE5}.Debug|Any CPU.ActiveCfg = Debug|Any CPU
		{D03149E1-2C73-42C6-A8A1-8AEBF2413FE5}.Debug|Any CPU.Build.0 = Debug|Any CPU
		{D03149E1-2C73-42C6-A8A1-8AEBF2413FE5}.Release|Any CPU.ActiveCfg = Release|Any CPU
		{D03149E1-2C73-42C6-A8A1-8AEBF2413FE5}.Release|Any CPU.Build.0 = Release|Any CPU
		{5A6AA902-EAA8-482E-8642-17E33B12529C}.Debug|Any CPU.ActiveCfg = Debug|Any CPU
		{5A6AA902-EAA8-482E-8642-17E33B12529C}.Debug|Any CPU.Build.0 = Debug|Any CPU
		{5A6AA902-EAA8-482E-8642-17E33B12529C}.Release|Any CPU.ActiveCfg = Release|Any CPU
		{5A6AA902-EAA8-482E-8642-17E33B12529C}.Release|Any CPU.Build.0 = Release|Any CPU
		{0308C25F-AE46-4CAF-997C-4E2328854A47}.Debug|Any CPU.ActiveCfg = Debug|Any CPU
		{0308C25F-AE46-4CAF-997C-4E2328854A47}.Debug|Any CPU.Build.0 = Debug|Any CPU
		{0308C25F-AE46-4CAF-997C-4E2328854A47}.Release|Any CPU.ActiveCfg = Release|Any CPU
		{0308C25F-AE46-4CAF-997C-4E2328854A47}.Release|Any CPU.Build.0 = Release|Any CPU
		{9E8A641B-4C9F-490D-BD90-F1171E770441}.Debug|Any CPU.ActiveCfg = Debug|Any CPU
		{9E8A641B-4C9F-490D-BD90-F1171E770441}.Debug|Any CPU.Build.0 = Debug|Any CPU
		{9E8A641B-4C9F-490D-BD90-F1171E770441}.Release|Any CPU.ActiveCfg = Release|Any CPU
		{9E8A641B-4C9F-490D-BD90-F1171E770441}.Release|Any CPU.Build.0 = Release|Any CPU
		{23BF111A-2A71-4B03-AF22-5A81EA03923D}.Debug|Any CPU.ActiveCfg = Debug|Any CPU
		{23BF111A-2A71-4B03-AF22-5A81EA03923D}.Debug|Any CPU.Build.0 = Debug|Any CPU
		{23BF111A-2A71-4B03-AF22-5A81EA03923D}.Release|Any CPU.ActiveCfg = Release|Any CPU
		{23BF111A-2A71-4B03-AF22-5A81EA03923D}.Release|Any CPU.Build.0 = Release|Any CPU
		{A3F8CFDE-4D58-4D84-B526-9E6DF88C9D39}.Debug|Any CPU.ActiveCfg = Debug|Any CPU
		{A3F8CFDE-4D58-4D84-B526-9E6DF88C9D39}.Debug|Any CPU.Build.0 = Debug|Any CPU
		{A3F8CFDE-4D58-4D84-B526-9E6DF88C9D39}.Release|Any CPU.ActiveCfg = Release|Any CPU
		{A3F8CFDE-4D58-4D84-B526-9E6DF88C9D39}.Release|Any CPU.Build.0 = Release|Any CPU
		{5D0A5B7B-58E5-4677-85DB-11180D883F0B}.Debug|Any CPU.ActiveCfg = Debug|Any CPU
		{5D0A5B7B-58E5-4677-85DB-11180D883F0B}.Debug|Any CPU.Build.0 = Debug|Any CPU
		{5D0A5B7B-58E5-4677-85DB-11180D883F0B}.Release|Any CPU.ActiveCfg = Release|Any CPU
		{5D0A5B7B-58E5-4677-85DB-11180D883F0B}.Release|Any CPU.Build.0 = Release|Any CPU
		{13F5752C-E4DD-4CC0-91B2-82AAE24B5083}.Debug|Any CPU.ActiveCfg = Debug|Any CPU
		{13F5752C-E4DD-4CC0-91B2-82AAE24B5083}.Debug|Any CPU.Build.0 = Debug|Any CPU
		{13F5752C-E4DD-4CC0-91B2-82AAE24B5083}.Release|Any CPU.ActiveCfg = Release|Any CPU
		{13F5752C-E4DD-4CC0-91B2-82AAE24B5083}.Release|Any CPU.Build.0 = Release|Any CPU
		{F27D3423-B7D2-4DC3-A301-EDE586545334}.Debug|Any CPU.ActiveCfg = Debug|Any CPU
		{F27D3423-B7D2-4DC3-A301-EDE586545334}.Debug|Any CPU.Build.0 = Debug|Any CPU
		{F27D3423-B7D2-4DC3-A301-EDE586545334}.Release|Any CPU.ActiveCfg = Release|Any CPU
		{F27D3423-B7D2-4DC3-A301-EDE586545334}.Release|Any CPU.Build.0 = Release|Any CPU
		{39E7D9B0-056A-4B8E-81CE-DB08585120D2}.Debug|Any CPU.ActiveCfg = Debug|Any CPU
		{39E7D9B0-056A-4B8E-81CE-DB08585120D2}.Debug|Any CPU.Build.0 = Debug|Any CPU
		{39E7D9B0-056A-4B8E-81CE-DB08585120D2}.Release|Any CPU.ActiveCfg = Release|Any CPU
		{39E7D9B0-056A-4B8E-81CE-DB08585120D2}.Release|Any CPU.Build.0 = Release|Any CPU
		{D6F889D5-162B-4F89-9754-903B3EA8F454}.Debug|Any CPU.ActiveCfg = Debug|Any CPU
		{D6F889D5-162B-4F89-9754-903B3EA8F454}.Debug|Any CPU.Build.0 = Debug|Any CPU
		{D6F889D5-162B-4F89-9754-903B3EA8F454}.Release|Any CPU.ActiveCfg = Release|Any CPU
		{D6F889D5-162B-4F89-9754-903B3EA8F454}.Release|Any CPU.Build.0 = Release|Any CPU
	EndGlobalSection
	GlobalSection(SolutionProperties) = preSolution
		HideSolutionNode = FALSE
	EndGlobalSection
	GlobalSection(NestedProjects) = preSolution
		{C5FC3EE5-86B5-4163-96E5-666EEC9BEE59} = {0F76D0F7-8FBB-431A-912F-19BE5DBAB83E}
		{0265C920-AE60-4977-BA5F-2A1EB4587900} = {C5FC3EE5-86B5-4163-96E5-666EEC9BEE59}
		{5D03A5B5-696C-4AAB-8000-7067518AE8C4} = {0265C920-AE60-4977-BA5F-2A1EB4587900}
		{EC40AF4E-AAAD-49A7-8AE5-824A7BA54EA6} = {0F76D0F7-8FBB-431A-912F-19BE5DBAB83E}
		{9F5F7BAA-13CD-4348-A2CE-CA37CA001FB3} = {EC40AF4E-AAAD-49A7-8AE5-824A7BA54EA6}
		{43293051-2E6B-4A88-B886-37FA39BC366C} = {0265C920-AE60-4977-BA5F-2A1EB4587900}
		{DF5B43BF-B4A3-4C24-92FF-D8EEA5B28B53} = {0265C920-AE60-4977-BA5F-2A1EB4587900}
		{92433414-35ED-484A-9BF0-768254A4FCA1} = {C5FC3EE5-86B5-4163-96E5-666EEC9BEE59}
		{7B92AFC3-4821-4553-A77A-04E127FFA321} = {92433414-35ED-484A-9BF0-768254A4FCA1}
		{C05F8D57-741C-4F03-A2D7-EECAB8D61A7A} = {92433414-35ED-484A-9BF0-768254A4FCA1}
		{6AAEF93A-FDD1-4748-8C6F-7AA209D5CEF1} = {92433414-35ED-484A-9BF0-768254A4FCA1}
		{EAE5EEA9-70C6-44C4-9072-07AF06E9F162} = {9F44BD6E-172F-4DFC-BA01-2DE4815E534F}
		{989A8981-449C-4F68-99A5-4774E1A3769B} = {0F76D0F7-8FBB-431A-912F-19BE5DBAB83E}
		{41525988-9079-409C-95F2-85CA53C2058F} = {989A8981-449C-4F68-99A5-4774E1A3769B}
		{D03149E1-2C73-42C6-A8A1-8AEBF2413FE5} = {989A8981-449C-4F68-99A5-4774E1A3769B}
		{5A6AA902-EAA8-482E-8642-17E33B12529C} = {989A8981-449C-4F68-99A5-4774E1A3769B}
		{8D4A008E-4330-4463-AA57-56784A0C1FF1} = {0F76D0F7-8FBB-431A-912F-19BE5DBAB83E}
		{0308C25F-AE46-4CAF-997C-4E2328854A47} = {8D4A008E-4330-4463-AA57-56784A0C1FF1}
		{9E8A641B-4C9F-490D-BD90-F1171E770441} = {8D4A008E-4330-4463-AA57-56784A0C1FF1}
		{23BF111A-2A71-4B03-AF22-5A81EA03923D} = {8D4A008E-4330-4463-AA57-56784A0C1FF1}
		{F31CC68B-7979-43CA-A3D3-C5F19DD47981} = {0F76D0F7-8FBB-431A-912F-19BE5DBAB83E}
		{4ECC4841-98CA-4304-B060-000E46A45423} = {F31CC68B-7979-43CA-A3D3-C5F19DD47981}
		{A3F8CFDE-4D58-4D84-B526-9E6DF88C9D39} = {4ECC4841-98CA-4304-B060-000E46A45423}
		{5D0A5B7B-58E5-4677-85DB-11180D883F0B} = {4ECC4841-98CA-4304-B060-000E46A45423}
		{13F5752C-E4DD-4CC0-91B2-82AAE24B5083} = {4ECC4841-98CA-4304-B060-000E46A45423}
		{295EFB35-DFF0-4EAE-96D8-3C24FC78EC81} = {0F76D0F7-8FBB-431A-912F-19BE5DBAB83E}
		{F27D3423-B7D2-4DC3-A301-EDE586545334} = {295EFB35-DFF0-4EAE-96D8-3C24FC78EC81}
		{39E7D9B0-056A-4B8E-81CE-DB08585120D2} = {295EFB35-DFF0-4EAE-96D8-3C24FC78EC81}
		{D6F889D5-162B-4F89-9754-903B3EA8F454} = {295EFB35-DFF0-4EAE-96D8-3C24FC78EC81}
	EndGlobalSection
	GlobalSection(ExtensibilityGlobals) = postSolution
		SolutionGuid = {20F1CBD4-11ED-4A25-ACFA-803FB07CB1A1}
	EndGlobalSection
EndGlobal
